
Microsoft Visual Studio Solution File, Format Version 12.00
# Visual Studio Version 17
VisualStudioVersion = 17.13.35931.197 d17.13
MinimumVisualStudioVersion = 10.0.40219.1
Project("{8BC9CEB8-8B4A-11D0-8D11-00A0C91BC942}") = "PixelGames", "PixelGames\PixelGames.vcxproj", "{AAB02FA0-33F5-4E19-9437-B2E235A50CD7}"
EndProject
Global
	GlobalSection(SolutionConfigurationPlatforms) = preSolution
		Debug|x64 = Debug|x64
		Debug|x86 = Debug|x86
		Release|x64 = Release|x64
		Release|x86 = Release|x86
	EndGlobalSection
	GlobalSection(ProjectConfigurationPlatforms) = postSolution
		{AAB02FA0-33F5-4E19-9437-B2E235A50CD7}.Debug|x64.ActiveCfg = Debug|x64
		{AAB02FA0-33F5-4E19-9437-B2E235A50CD7}.Debug|x64.Build.0 = Debug|x64
		{AAB02FA0-33F5-4E19-9437-B2E235A50CD7}.Debug|x86.ActiveCfg = Debug|Win32
		{AAB02FA0-33F5-4E19-9437-B2E235A50CD7}.Debug|x86.Build.0 = Debug|Win32
		{AAB02FA0-33F5-4E19-9437-B2E235A50CD7}.Release|x64.ActiveCfg = Release|x64
		{AAB02FA0-33F5-4E19-9437-B2E235A50CD7}.Release|x64.Build.0 = Release|x64
		{AAB02FA0-33F5-4E19-9437-B2E235A50CD7}.Release|x86.ActiveCfg = Release|Win32
		{AAB02FA0-33F5-4E19-9437-B2E235A50CD7}.Release|x86.Build.0 = Release|Win32
	EndGlobalSection
	GlobalSection(SolutionProperties) = preSolution
		HideSolutionNode = FALSE
	EndGlobalSection
	GlobalSection(ExtensibilityGlobals) = postSolution
		SolutionGuid = {784F8C5B-46FE-48EF-877C-6B1052F6FC48}
	EndGlobalSection
EndGlobal
